
Microsoft Visual Studio Solution File, Format Version 12.00
# Visual Studio Version 16
VisualStudioVersion = 16.0.30204.135
MinimumVisualStudioVersion = 10.0.40219.1
Project("{FAE04EC0-301F-11D3-BF4B-00C04F79EFBC}") = "GuessGame_IT1A", "GuessGame_IT1A\GuessGame_IT1A.csproj", "{6CA6B1A7-298A-47AD-8298-5FDC308F2850}"
EndProject
Global
	GlobalSection(SolutionConfigurationPlatforms) = preSolution
		Debug|Any CPU = Debug|Any CPU
		Release|Any CPU = Release|Any CPU
	EndGlobalSection
	GlobalSection(ProjectConfigurationPlatforms) = postSolution
		{6CA6B1A7-298A-47AD-8298-5FDC308F2850}.Debug|Any CPU.ActiveCfg = Debug|Any CPU
		{6CA6B1A7-298A-47AD-8298-5FDC308F2850}.Debug|Any CPU.Build.0 = Debug|Any CPU
		{6CA6B1A7-298A-47AD-8298-5FDC308F2850}.Release|Any CPU.ActiveCfg = Release|Any CPU
		{6CA6B1A7-298A-47AD-8298-5FDC308F2850}.Release|Any CPU.Build.0 = Release|Any CPU
	EndGlobalSection
	GlobalSection(SolutionProperties) = preSolution
		HideSolutionNode = FALSE
	EndGlobalSection
	GlobalSection(ExtensibilityGlobals) = postSolution
		SolutionGuid = {ABC23A5D-0711-484A-A309-A5CD2C4E546F}
	EndGlobalSection
EndGlobal
